
Microsoft Visual Studio Solution File, Format Version 12.00
# Visual Studio Version 17
VisualStudioVersion = 17.0.31903.59
MinimumVisualStudioVersion = 10.0.40219.1
Project("{FAE04EC0-301F-11D3-BF4B-00C04F79EFBC}") = "SiteYonetim.Core", "SiteYonetim.Core\SiteYonetim.Core.csproj", "{39ADDEE6-6609-4E43-9BA4-0BC84C5E0537}"
EndProject
Project("{FAE04EC0-301F-11D3-BF4B-00C04F79EFBC}") = "SiteYonetim.Data", "SiteYonetim.Data\SiteYonetim.Data.csproj", "{8C07EE8E-B0AA-40BC-98DC-17F579499DDE}"
EndProject
Project("{FAE04EC0-301F-11D3-BF4B-00C04F79EFBC}") = "SiteYonetim.UI", "SiteYonetim.UI\SiteYonetim.UI.csproj", "{AD88C232-8A2E-424C-95ED-174115B497E0}"
EndProject
Project("{FAE04EC0-301F-11D3-BF4B-00C04F79EFBC}") = "SiteYonetim.Common", "SiteYonetim.Common\SiteYonetim.Common.csproj", "{DE43751A-51A4-4D27-94D0-D7D7947EE736}"
EndProject
Global
	GlobalSection(SolutionConfigurationPlatforms) = preSolution
		Debug|Any CPU = Debug|Any CPU
		Release|Any CPU = Release|Any CPU
	EndGlobalSection
	GlobalSection(SolutionProperties) = preSolution
		HideSolutionNode = FALSE
	EndGlobalSection
	GlobalSection(ProjectConfigurationPlatforms) = postSolution
		{39ADDEE6-6609-4E43-9BA4-0BC84C5E0537}.Debug|Any CPU.ActiveCfg = Debug|Any CPU
		{39ADDEE6-6609-4E43-9BA4-0BC84C5E0537}.Debug|Any CPU.Build.0 = Debug|Any CPU
		{39ADDEE6-6609-4E43-9BA4-0BC84C5E0537}.Release|Any CPU.ActiveCfg = Release|Any CPU
		{39ADDEE6-6609-4E43-9BA4-0BC84C5E0537}.Release|Any CPU.Build.0 = Release|Any CPU
		{8C07EE8E-B0AA-40BC-98DC-17F579499DDE}.Debug|Any CPU.ActiveCfg = Debug|Any CPU
		{8C07EE8E-B0AA-40BC-98DC-17F579499DDE}.Debug|Any CPU.Build.0 = Debug|Any CPU
		{8C07EE8E-B0AA-40BC-98DC-17F579499DDE}.Release|Any CPU.ActiveCfg = Release|Any CPU
		{8C07EE8E-B0AA-40BC-98DC-17F579499DDE}.Release|Any CPU.Build.0 = Release|Any CPU
		{AD88C232-8A2E-424C-95ED-174115B497E0}.Debug|Any CPU.ActiveCfg = Debug|Any CPU
		{AD88C232-8A2E-424C-95ED-174115B497E0}.Debug|Any CPU.Build.0 = Debug|Any CPU
		{AD88C232-8A2E-424C-95ED-174115B497E0}.Release|Any CPU.ActiveCfg = Release|Any CPU
		{AD88C232-8A2E-424C-95ED-174115B497E0}.Release|Any CPU.Build.0 = Release|Any CPU
		{DE43751A-51A4-4D27-94D0-D7D7947EE736}.Debug|Any CPU.ActiveCfg = Debug|Any CPU
		{DE43751A-51A4-4D27-94D0-D7D7947EE736}.Debug|Any CPU.Build.0 = Debug|Any CPU
		{DE43751A-51A4-4D27-94D0-D7D7947EE736}.Release|Any CPU.ActiveCfg = Release|Any CPU
		{DE43751A-51A4-4D27-94D0-D7D7947EE736}.Release|Any CPU.Build.0 = Release|Any CPU
	EndGlobalSection
EndGlobal
